
Microsoft Visual Studio Solution File, Format Version 12.00
# Visual Studio Version 17
VisualStudioVersion = 17.8.34316.72
MinimumVisualStudioVersion = 10.0.40219.1
Project("{FAE04EC0-301F-11D3-BF4B-00C04F79EFBC}") = "Hamza_Projesi", "Hamza_Projesi\Hamza_Projesi.csproj", "{B88C4BB5-C16E-4BFB-8D4D-9EAF6D2C18F1}"
EndProject
Global
	GlobalSection(SolutionConfigurationPlatforms) = preSolution
		Debug|Any CPU = Debug|Any CPU
		Release|Any CPU = Release|Any CPU
	EndGlobalSection
	GlobalSection(ProjectConfigurationPlatforms) = postSolution
		{B88C4BB5-C16E-4BFB-8D4D-9EAF6D2C18F1}.Debug|Any CPU.ActiveCfg = Debug|Any CPU
		{B88C4BB5-C16E-4BFB-8D4D-9EAF6D2C18F1}.Debug|Any CPU.Build.0 = Debug|Any CPU
		{B88C4BB5-C16E-4BFB-8D4D-9EAF6D2C18F1}.Release|Any CPU.ActiveCfg = Release|Any CPU
		{B88C4BB5-C16E-4BFB-8D4D-9EAF6D2C18F1}.Release|Any CPU.Build.0 = Release|Any CPU
	EndGlobalSection
	GlobalSection(SolutionProperties) = preSolution
		HideSolutionNode = FALSE
	EndGlobalSection
	GlobalSection(ExtensibilityGlobals) = postSolution
		SolutionGuid = {2CF732EE-431B-4ED2-8787-CC9C9DD8303B}
	EndGlobalSection
EndGlobal
